
Microsoft Visual Studio Solution File, Format Version 12.00
# Visual Studio 15
VisualStudioVersion = 15.0.27130.2020
MinimumVisualStudioVersion = 10.0.40219.1
Project("{8BC9CEB8-8B4A-11D0-8D11-00A0C91BC942}") = "akwb_4_1", "akwb_4_1\akwb_4_1.vcxproj", "{E1EFE502-7F86-4282-862A-7BF7EFA75734}"
EndProject
Global
	GlobalSection(SolutionConfigurationPlatforms) = preSolution
		Debug|x64 = Debug|x64
		Debug|x86 = Debug|x86
		Release|x64 = Release|x64
		Release|x86 = Release|x86
	EndGlobalSection
	GlobalSection(ProjectConfigurationPlatforms) = postSolution
		{E1EFE502-7F86-4282-862A-7BF7EFA75734}.Debug|x64.ActiveCfg = Debug|x64
		{E1EFE502-7F86-4282-862A-7BF7EFA75734}.Debug|x64.Build.0 = Debug|x64
		{E1EFE502-7F86-4282-862A-7BF7EFA75734}.Debug|x86.ActiveCfg = Debug|Win32
		{E1EFE502-7F86-4282-862A-7BF7EFA75734}.Debug|x86.Build.0 = Debug|Win32
		{E1EFE502-7F86-4282-862A-7BF7EFA75734}.Release|x64.ActiveCfg = Release|x64
		{E1EFE502-7F86-4282-862A-7BF7EFA75734}.Release|x64.Build.0 = Release|x64
		{E1EFE502-7F86-4282-862A-7BF7EFA75734}.Release|x86.ActiveCfg = Release|Win32
		{E1EFE502-7F86-4282-862A-7BF7EFA75734}.Release|x86.Build.0 = Release|Win32
	EndGlobalSection
	GlobalSection(SolutionProperties) = preSolution
		HideSolutionNode = FALSE
	EndGlobalSection
	GlobalSection(ExtensibilityGlobals) = postSolution
		SolutionGuid = {E9C86714-A425-4C1D-A837-0D6F2B0B3C0C}
	EndGlobalSection
EndGlobal
